
Microsoft Visual Studio Solution File, Format Version 12.00
# Visual Studio 15
VisualStudioVersion = 15.0.28307.136
MinimumVisualStudioVersion = 10.0.40219.1
Project("{9A19103F-16F7-4668-BE54-9A1E7A4F7556}") = "FkjMgt_20181207", "FkjMgt_20181207.csproj", "{A556750A-C175-45E4-9620-EE32B47E655D}"
EndProject
Global
	GlobalSection(SolutionConfigurationPlatforms) = preSolution
		Debug|Any CPU = Debug|Any CPU
		Release|Any CPU = Release|Any CPU
	EndGlobalSection
	GlobalSection(ProjectConfigurationPlatforms) = postSolution
		{A556750A-C175-45E4-9620-EE32B47E655D}.Debug|Any CPU.ActiveCfg = Debug|Any CPU
		{A556750A-C175-45E4-9620-EE32B47E655D}.Debug|Any CPU.Build.0 = Debug|Any CPU
		{A556750A-C175-45E4-9620-EE32B47E655D}.Release|Any CPU.ActiveCfg = Release|Any CPU
		{A556750A-C175-45E4-9620-EE32B47E655D}.Release|Any CPU.Build.0 = Release|Any CPU
	EndGlobalSection
	GlobalSection(SolutionProperties) = preSolution
		HideSolutionNode = FALSE
	EndGlobalSection
	GlobalSection(ExtensibilityGlobals) = postSolution
		SolutionGuid = {AD23ED76-A25A-47BE-9332-ED4622864F80}
	EndGlobalSection
EndGlobal
